version: 7
platforms:
- name: linux-64
  virtual-packages:
  - __unix=0=0
  - __linux=4.18
  - __glibc=2.28
  - __archspec=0=x86_64
environments:
  default:
    channels:
    - url: https://conda.anaconda.org/conda-forge/
    packages:
      linux-64:
      - conda_source: options_zig[8b6f4cc0] @ .
packages:
- conda: https://conda.anaconda.org/conda-forge/linux-64/_openmp_mutex-4.5-20_gnu.conda
  build_number: 20
  sha256: 1dd3fffd892081df9726d7eb7e0dea6198962ba775bd88842135a4ddb4deb3c9
  md5: a9f577daf3de00bca7c3c76c0ecbd1de
  depends:
  - __glibc >=2.17,<3.0.a0
  - libgomp >=7.5.0
  constrains:
  - openmp_impl <0.0a0
  license: BSD-3-Clause
  license_family: BSD
  run_exports:
    strong:
    - _openmp_mutex >=4.5
  size: 28948
  timestamp: 1770939786096
- conda: https://conda.anaconda.org/conda-forge/linux-64/libclang-cpp21.1-21.1.8-default_h6209e06_6.conda
  sha256: a1b1c85ec3b792dcfb78d13360a49a31ae18fbbe15674c6964042976fcf6d293
  md5: be2a683623912c9cbe01f35cd9e03d23
  depends:
  - __glibc >=2.17,<3.0.a0
  - libgcc >=15
  - libllvm21 >=21.1.8,<21.2.0a0
  - libstdcxx >=15
  license: Apache-2.0 WITH LLVM-exception
  license_family: Apache
  run_exports:
    weak:
    - libclang-cpp21.1 >=21.1.8,<21.2.0a0
  size: 21476279
  timestamp: 1787464329437
- conda: https://conda.anaconda.org/conda-forge/linux-64/libgcc-16.2.0-ha9f2e26_7.conda
  sha256: e031634c3a928f9594eba868bc46ef5230d6571a364a0c63215b06c4563bfcea
  md5: 735629b400b70eeab21a2ba8f5b1c2ce
  depends:
  - __glibc >=2.17,<3.0.a0
  - _openmp_mutex >=4.5
  constrains:
  - libgcc-ng ==16.2.0=*_7
  - libgomp 16.2.0 he0feb66_7
  license: GPL-3.0-only WITH GCC-exception-3.1
  license_family: GPL
  run_exports: {}
  size: 1058444
  timestamp: 1790303109576
- conda: https://conda.anaconda.org/conda-forge/linux-64/libgomp-16.2.0-he0feb66_7.conda
  sha256: 92a0bb350c7be6a4eedcb4e111c60aefd176018e6b1c009a6e025dbe9bbcd758
  md5: d904c7ddd95e026254b4b80808ee9e12
  depends:
  - __glibc >=2.17,<3.0.a0
  license: GPL-3.0-only WITH GCC-exception-3.1
  license_family: GPL
  run_exports:
    strong:
    - _openmp_mutex >=4.5
  size: 640566
  timestamp: 1790303046034
- conda: https://conda.anaconda.org/conda-forge/linux-64/libiconv-1.18-h0cb94f2_3.conda
  sha256: f943117edb9cd4d9c61cc972eee5a34291dc55ea7a6e9e38da104995841cbcb6
  md5: f92233bf33e24a25668bb2119e2c51f9
  depends:
  - __glibc >=2.17,<3.0.a0
  - libgcc >=15
  license: LGPL-2.1-only
  run_exports:
    weak:
    - libiconv >=1.18,<2.0a0
  size: 789471
  timestamp: 1787033836207
- conda: https://conda.anaconda.org/conda-forge/linux-64/libllvm21-21.1.8-h474f4eb_1.conda
  sha256: b007641e1da9de002af0518b89b07d4c59e513a6f465c9da86f24685ef86cc8b
  md5: 580bc512b273f4236bb37031620c091f
  depends:
  - __glibc >=2.17,<3.0.a0
  - libgcc >=15
  - libstdcxx >=15
  - libxml2
  - libxml2-16 >=2.15.3
  - libzlib >=1.3.2,<2.0a0
  - zstd >=1.5.7,<1.6.0a0
  license: Apache-2.0 WITH LLVM-exception
  license_family: Apache
  run_exports:
    weak:
    - libllvm21 >=21.1.8,<21.2.0a0
  size: 44794307
  timestamp: 1787369833996
- conda: https://conda.anaconda.org/conda-forge/linux-64/liblzma-5.8.3-hb03c661_1.conda
  sha256: 9787df8c22a59c9a70d3e5a10db9ad663485e75e9ccc3f09bd092cb7b95e0dab
  md5: 1390b7c5ac0b1d8e447bc5efa6d3c8c2
  depends:
  - __glibc >=2.17,<3.0.a0
  - libgcc >=14
  constrains:
  - xz 5.8.3.*
  license: 0BSD
  run_exports:
    weak:
    - liblzma >=5.8.3,<6.0a0
  size: 112995
  timestamp: 1786348617826
- conda: https://conda.anaconda.org/conda-forge/linux-64/libstdcxx-16.2.0-h934c35e_7.conda
  sha256: fa7018298629fc429971fffd6ecba3d27a7b02e4e890d6a93ea01ffebe8cb745
  md5: 9b6707e0caca917fa6ea9ee473f37a5d
  depends:
  - __glibc >=2.17,<3.0.a0
  - libgcc 16.2.0 ha9f2e26_7
  constrains:
  - libstdcxx-ng ==16.2.0=*_7
  license: GPL-3.0-only WITH GCC-exception-3.1
  license_family: GPL
  run_exports: {}
  size: 6615436
  timestamp: 1790303132935
- conda: https://conda.anaconda.org/conda-forge/linux-64/libxml2-16-2.15.4-hbdfff7e_0.conda
  sha256: b6f96287c408269f5067bb4f7a61693ff5c856152902362964d9807152b9c146
  md5: 176fa262c40e1141e9f364d3e4783795
  depends:
  - __glibc >=2.17,<3.0.a0
  - libgcc >=15
  - libiconv >=1.18,<2.0a0
  - liblzma >=5.8.3,<6.0a0
  - libzlib >=1.3.2,<2.0a0
  constrains:
  - icu <0.0a0
  - libxml2 2.15.4
  license: MIT
  license_family: MIT
  run_exports: {}
  size: 565717
  timestamp: 1788635209625
- conda: https://conda.anaconda.org/conda-forge/linux-64/libxml2-2.15.4-ha7a5771_0.conda
  sha256: db52c038430a508656530fc7b5650ae3e2629875693a6a256cc48dec203f8bfe
  md5: c322ae4591dfe866b2a9b1e8537fe805
  depends:
  - __glibc >=2.17,<3.0.a0
  - libgcc >=15
  - libiconv >=1.18,<2.0a0
  - liblzma >=5.8.3,<6.0a0
  - libxml2-16 2.15.4 hbdfff7e_0
  - libzlib >=1.3.2,<2.0a0
  constrains:
  - icu <0.0a0
  license: MIT
  license_family: MIT
  run_exports:
    weak:
    - libxml2
    - libxml2-16 >=2.15.4
  size: 46952
  timestamp: 1788635214834
- conda: https://conda.anaconda.org/conda-forge/linux-64/libzlib-1.3.2-h25fd6f3_3.conda
  sha256: eb8a0db0aa570124f7d2a93d7c7f596e3390df5e047818d873baad32985fc736
  md5: 0de0122d9570a8ab637c6b73db268389
  depends:
  - __glibc >=2.17,<3.0.a0
  constrains:
  - zlib 1.3.2 *_3
  license: Zlib
  license_family: Other
  run_exports:
    weak:
    - libzlib >=1.3.2,<2.0a0
  size: 63713
  timestamp: 1785362952714
- conda: https://conda.anaconda.org/conda-forge/linux-64/zig-0.16.0-h800172f_19.conda
  sha256: 5aa31af84de4a07cd7e2e2babdf514d2a74fb664747615457222e5e633f94d7d
  md5: 516e9e13921459f3d5490bb9aa01febc
  depends:
  - zig_linux-64 ==0.16.0 he627d5d_19
  license: MIT AND Apache-2.0 WITH LLVM-exception AND Apache-2.0 AND LGPL-2.1-or-later AND BSD-2-Clause AND BSD-3-Clause AND ZPL-2.1 AND LicenseRef-Public-Domain
  run_exports:
    weak:
    - zig >=0.16.0,<0.16.1.0a0
  size: 202517
  timestamp: 1790272326166
- conda: https://conda.anaconda.org/conda-forge/linux-64/zig_impl_linux-64-0.16.0-h0addc32_19.conda
  sha256: bb2343366d86dd9fba46ee0d17886fef97c5d89cc29309f5dda91823a6a168cc
  md5: 88ccc75866b6115ab7aac4b5afbbedef
  depends:
  - libgcc >=15
  - libstdcxx >=15
  - __glibc >=2.17,<3.0.a0
  - libllvm21 >=21.1.8,<21.2.0a0
  - libzlib >=1.3.2,<2.0a0
  - zstd >=1.5.7,<1.6.0a0
  - libclang-cpp21.1 >=21.1.8,<21.2.0a0
  - libxml2
  license: MIT AND Apache-2.0 WITH LLVM-exception AND Apache-2.0 AND LGPL-2.1-or-later AND BSD-2-Clause AND BSD-3-Clause AND ZPL-2.1 AND LicenseRef-Public-Domain
  run_exports: {}
  size: 66342994
  timestamp: 1790272326166
- conda: https://conda.anaconda.org/conda-forge/linux-64/zig_linux-64-0.16.0-he627d5d_19.conda
  sha256: a89bf6858619f750a3b104b2c9b87a1bd3e631b59025c17e8c38817a5106e5bb
  md5: bdf0b71684927308dfb793ce35553826
  depends:
  - zig_impl_linux-64 ==0.16.0 h0addc32_19
  - __glibc >=2.17,<3.0.a0
  license: MIT AND Apache-2.0 WITH LLVM-exception AND Apache-2.0 AND LGPL-2.1-or-later AND BSD-2-Clause AND BSD-3-Clause AND ZPL-2.1 AND LicenseRef-Public-Domain
  run_exports: {}
  size: 309354
  timestamp: 1790272326166
- conda: https://conda.anaconda.org/conda-forge/linux-64/zstd-1.5.7-hb78ec9c_7.conda
  sha256: 47d682b9f6d6ec9eb1a6e6c3e75ea6273e899e78fb7fc59f81d39745009fbc60
  md5: aa459086047c0e5e27023ab19f8cb86a
  depends:
  - __glibc >=2.17,<3.0.a0
  - libzlib >=1.3.2,<2.0a0
  license: BSD-3-Clause
  license_family: BSD
  run_exports:
    weak:
    - zstd >=1.5.7,<1.6.0a0
  size: 601301
  timestamp: 1786599621503
- conda_source: options_zig[8b6f4cc0] @ .
  variants:
    target_platform: linux-64
  build_packages:
  - conda: https://conda.anaconda.org/conda-forge/linux-64/_openmp_mutex-4.5-20_gnu.conda
  - conda: https://conda.anaconda.org/conda-forge/linux-64/libclang-cpp21.1-21.1.8-default_h6209e06_6.conda
  - conda: https://conda.anaconda.org/conda-forge/linux-64/libgcc-16.2.0-ha9f2e26_7.conda
  - conda: https://conda.anaconda.org/conda-forge/linux-64/libgomp-16.2.0-he0feb66_7.conda
  - conda: https://conda.anaconda.org/conda-forge/linux-64/libiconv-1.18-h0cb94f2_3.conda
  - conda: https://conda.anaconda.org/conda-forge/linux-64/libllvm21-21.1.8-h474f4eb_1.conda
  - conda: https://conda.anaconda.org/conda-forge/linux-64/liblzma-5.8.3-hb03c661_1.conda
  - conda: https://conda.anaconda.org/conda-forge/linux-64/libstdcxx-16.2.0-h934c35e_7.conda
  - conda: https://conda.anaconda.org/conda-forge/linux-64/libxml2-16-2.15.4-hbdfff7e_0.conda
  - conda: https://conda.anaconda.org/conda-forge/linux-64/libxml2-2.15.4-ha7a5771_0.conda
  - conda: https://conda.anaconda.org/conda-forge/linux-64/libzlib-1.3.2-h25fd6f3_3.conda
  - conda: https://conda.anaconda.org/conda-forge/linux-64/zig-0.16.0-h800172f_19.conda
  - conda: https://conda.anaconda.org/conda-forge/linux-64/zig_impl_linux-64-0.16.0-h0addc32_19.conda
  - conda: https://conda.anaconda.org/conda-forge/linux-64/zig_linux-64-0.16.0-he627d5d_19.conda
  - conda: https://conda.anaconda.org/conda-forge/linux-64/zstd-1.5.7-hb78ec9c_7.conda
