version: 7
platforms:
- name: linux-64
  virtual-packages:
  - __unix=0=0
  - __linux=4.18
  - __glibc=2.28
  - __archspec=0=x86_64
- name: linux-aarch64
  virtual-packages:
  - __unix=0=0
  - __linux=4.18
  - __glibc=2.28
  - __archspec=0=aarch64
- name: osx-64
  virtual-packages:
  - __unix=0=0
  - __osx=13.0
  - __archspec=0=x86_64
- name: osx-arm64
  virtual-packages:
  - __unix=0=0
  - __osx=13.0
  - __archspec=0=m1
- name: win-64
  virtual-packages:
  - __win=10.0
  - __archspec=0=x86_64
environments:
  default:
    channels:
    - url: https://conda.anaconda.org/conda-forge/
    packages:
      linux-64:
      - conda: https://conda.anaconda.org/conda-forge/linux-64/libzlib-1.3.2-h25fd6f3_3.conda
      - conda_source: zlib-zig[df88a4aa] @ .
      linux-aarch64:
      - conda: https://conda.anaconda.org/conda-forge/linux-aarch64/libzlib-1.3.2-hdc9db2a_3.conda
      - conda_source: zlib-zig[8005115d] @ .
      osx-64:
      - conda: https://conda.anaconda.org/conda-forge/osx-64/libzlib-1.3.2-hbb4bfdb_3.conda
      - conda_source: zlib-zig[a1e43b1d] @ .
      osx-arm64:
      - conda: https://conda.anaconda.org/conda-forge/osx-arm64/libzlib-1.3.2-h8088a28_3.conda
      - conda_source: zlib-zig[f00a00bc] @ .
      win-64:
      - conda: https://conda.anaconda.org/conda-forge/win-64/libzlib-1.3.2-hfd05255_3.conda
      - conda: https://conda.anaconda.org/conda-forge/win-64/ucrt-10.0.26100.0-h57928b3_0.conda
      - conda: https://conda.anaconda.org/conda-forge/win-64/vc-14.5-ha367084_41.conda
      - conda: https://conda.anaconda.org/conda-forge/win-64/vc14_runtime-14.51.36247-habf1de7_41.conda
      - conda: https://conda.anaconda.org/conda-forge/win-64/vcomp14-14.51.36247-habf1de7_41.conda
      - conda_source: zlib-zig[5185397b] @ .
packages:
- conda: https://conda.anaconda.org/conda-forge/linux-64/_openmp_mutex-4.5-20_gnu.conda
  build_number: 20
  sha256: 1dd3fffd892081df9726d7eb7e0dea6198962ba775bd88842135a4ddb4deb3c9
  md5: a9f577daf3de00bca7c3c76c0ecbd1de
  depends:
  - __glibc >=2.17,<3.0.a0
  - libgomp >=7.5.0
  constrains:
  - openmp_impl <0.0a0
  license: BSD-3-Clause
  license_family: BSD
  run_exports:
    strong:
    - _openmp_mutex >=4.5
  size: 28948
  timestamp: 1770939786096
- conda: https://conda.anaconda.org/conda-forge/linux-64/icu-78.3-py310h44b86e0_2.conda
  sha256: 9f07834f0c546ab14d885ce0366285f61f44e326c0edd1fc63b8294e113ae432
  md5: 72a381cbad04f24b1c2a43ef707f45b4
  depends:
  - __glibc >=2.17,<3.0.a0
  - libstdcxx >=14
  - libgcc >=14
  license: MIT
  license_family: MIT
  run_exports:
    weak:
    - icu >=78.3,<79.0a0
  size: 14459115
  timestamp: 1786545741408
- conda: https://conda.anaconda.org/conda-forge/linux-64/libclang-cpp21.1-21.1.8-default_h4f0048e_5.conda
  sha256: 6d01361d44eefea7cb656b4d2b6dd8be2bcf51730278b6ba8cc656c34012688f
  md5: f9d1fb86c81ca1dfc9e37d92eec1461a
  depends:
  - __glibc >=2.17,<3.0.a0
  - libgcc >=14
  - libllvm21 >=21.1.8,<21.2.0a0
  - libstdcxx >=14
  license: Apache-2.0 WITH LLVM-exception
  license_family: Apache
  run_exports:
    weak:
    - libclang-cpp21.1 >=21.1.8,<21.2.0a0
  size: 21084414
  timestamp: 1786194888604
- conda: https://conda.anaconda.org/conda-forge/linux-64/libgcc-16.1.0-ha9f2e26_1.conda
  sha256: d5cb8475131c31680f8fd30512c418f373064e272e452063276a8fb14c9fa42f
  md5: 5a7d954665c707c93311657cd779c705
  depends:
  - __glibc >=2.17,<3.0.a0
  - _openmp_mutex >=4.5
  constrains:
  - libgomp 16.1.0 he0feb66_1
  - libgcc-ng ==16.1.0=*_1
  license: GPL-3.0-only WITH GCC-exception-3.1
  license_family: GPL
  run_exports: {}
  size: 1057877
  timestamp: 1785375436766
- conda: https://conda.anaconda.org/conda-forge/linux-64/libgomp-16.1.0-he0feb66_1.conda
  sha256: 62cb599ad0539d99386515326d9d5e8f51f75a60c69c2131b21df76edf35bd89
  md5: 88f2d91cb1533194c323534253094d23
  depends:
  - __glibc >=2.17,<3.0.a0
  license: GPL-3.0-only WITH GCC-exception-3.1
  license_family: GPL
  run_exports:
    strong:
    - _openmp_mutex >=4.5
  size: 640415
  timestamp: 1785375373755
- conda: https://conda.anaconda.org/conda-forge/linux-64/libiconv-1.18-h3b78370_2.conda
  sha256: c467851a7312765447155e071752d7bf9bf44d610a5687e32706f480aad2833f
  md5: 915f5995e94f60e9a4826e0b0920ee88
  depends:
  - __glibc >=2.17,<3.0.a0
  - libgcc >=14
  license: LGPL-2.1-only
  run_exports:
    weak:
    - libiconv >=1.18,<2.0a0
  size: 790176
  timestamp: 1754908768807
- conda: https://conda.anaconda.org/conda-forge/linux-64/libllvm21-21.1.8-hf7376ad_0.conda
  sha256: 91bb4f5be1601b40b4995911d785e29387970f0b3c80f33f7f9028f95335399f
  md5: 1a2708a460884d6861425b7f9a7bef99
  depends:
  - __glibc >=2.17,<3.0.a0
  - libgcc >=14
  - libstdcxx >=14
  - libxml2
  - libxml2-16 >=2.14.6
  - libzlib >=1.3.1,<2.0a0
  - zstd >=1.5.7,<1.6.0a0
  license: Apache-2.0 WITH LLVM-exception
  license_family: Apache
  run_exports:
    weak:
    - libllvm21 >=21.1.8,<21.2.0a0
  size: 44333366
  timestamp: 1765959132513
- conda: https://conda.anaconda.org/conda-forge/linux-64/liblzma-5.8.3-hb03c661_1.conda
  sha256: 9787df8c22a59c9a70d3e5a10db9ad663485e75e9ccc3f09bd092cb7b95e0dab
  md5: 1390b7c5ac0b1d8e447bc5efa6d3c8c2
  depends:
  - __glibc >=2.17,<3.0.a0
  - libgcc >=14
  constrains:
  - xz 5.8.3.*
  license: 0BSD
  run_exports:
    weak:
    - liblzma >=5.8.3,<6.0a0
  size: 112995
  timestamp: 1786348617826
- conda: https://conda.anaconda.org/conda-forge/linux-64/libstdcxx-16.1.0-h934c35e_1.conda
  sha256: 79721dd08aeb0ab9e773f1f9ef41cf4e6c17477e3d72319147619045bce05a09
  md5: aed6cf89adc1e9b846e4367ac538e434
  depends:
  - __glibc >=2.17,<3.0.a0
  - libgcc 16.1.0 ha9f2e26_1
  constrains:
  - libstdcxx-ng ==16.1.0=*_1
  license: GPL-3.0-only WITH GCC-exception-3.1
  license_family: GPL
  run_exports: {}
  size: 6631744
  timestamp: 1785375462643
- conda: https://conda.anaconda.org/conda-forge/linux-64/libxml2-16-2.15.3-hca6bf5a_0.conda
  sha256: 3d44f737c5ae52d5af32682cc1530df433f401f8e58a7533926536244127572a
  md5: e79d2c2f24b027aa8d5ab1b1ba3061e7
  depends:
  - __glibc >=2.17,<3.0.a0
  - icu >=78.3,<79.0a0
  - libgcc >=14
  - libiconv >=1.18,<2.0a0
  - liblzma >=5.8.3,<6.0a0
  - libzlib >=1.3.2,<2.0a0
  constrains:
  - libxml2 2.15.3
  license: MIT
  license_family: MIT
  run_exports: {}
  size: 559775
  timestamp: 1776376739004
- conda: https://conda.anaconda.org/conda-forge/linux-64/libxml2-2.15.3-h49c6c72_0.conda
  sha256: 3bc5551720c58591f6ea1146f7d1539c734ed1c40e7b9f5cb8cb7e900c509aba
  md5: 995d8c8bad2a3cc8db14675a153dec2b
  depends:
  - __glibc >=2.17,<3.0.a0
  - icu >=78.3,<79.0a0
  - libgcc >=14
  - libiconv >=1.18,<2.0a0
  - liblzma >=5.8.3,<6.0a0
  - libxml2-16 2.15.3 hca6bf5a_0
  - libzlib >=1.3.2,<2.0a0
  license: MIT
  license_family: MIT
  run_exports:
    weak:
    - libxml2
    - libxml2-16 >=2.15.3
  size: 46810
  timestamp: 1776376751152
- conda: https://conda.anaconda.org/conda-forge/linux-64/libzlib-1.3.2-h25fd6f3_3.conda
  sha256: eb8a0db0aa570124f7d2a93d7c7f596e3390df5e047818d873baad32985fc736
  md5: 0de0122d9570a8ab637c6b73db268389
  depends:
  - __glibc >=2.17,<3.0.a0
  constrains:
  - zlib 1.3.2 *_3
  license: Zlib
  license_family: Other
  run_exports:
    weak:
    - libzlib >=1.3.2,<2.0a0
  size: 63713
  timestamp: 1785362952714
- conda: https://conda.anaconda.org/conda-forge/linux-64/zig-0.16.0-hd866774_11.conda
  sha256: 50c7839dec14245aab3f2c4447757897c3d497946c6bbfd0612cfea283c67635
  md5: baaed830d7e85a9217d95e8d73fb3691
  depends:
  - zig_linux-64 ==0.16.0 h9f8d056_11
  license: MIT AND LicenseRef-Public-Domain
  run_exports:
    weak:
    - zig >=0.16.0,<0.16.1.0a0
  size: 144569
  timestamp: 1786568180825
- conda: https://conda.anaconda.org/conda-forge/linux-64/zig_impl_linux-64-0.16.0-h7428a68_11.conda
  sha256: 5eb5ce990467fbcff7e87652bef28b7ff478bb16e26a50247ed3dc04e8964c55
  md5: 600d1204ecfef62ce4407eada602b57d
  depends:
  - libgcc >=14
  - libstdcxx >=14
  - __glibc >=2.17,<3.0.a0
  - libxml2
  - zstd >=1.5.7,<1.6.0a0
  - libzlib >=1.3.2,<2.0a0
  - libclang-cpp21.1 >=21.1.8,<21.2.0a0
  - libllvm21 >=21.1.8,<21.2.0a0
  license: MIT AND LicenseRef-Public-Domain
  run_exports: {}
  size: 63944028
  timestamp: 1786568180825
- conda: https://conda.anaconda.org/conda-forge/linux-64/zig_linux-64-0.16.0-h9f8d056_11.conda
  sha256: 24c4b50798bc5815b8cf5cfd7a2ad91a5b1d2cb83584a7c792137689e1c051c1
  md5: 6fd1233ceb8d369dbfeced8e2c5ce25d
  depends:
  - zig_impl_linux-64 ==0.16.0 h7428a68_11
  license: MIT AND LicenseRef-Public-Domain
  run_exports: {}
  size: 188816
  timestamp: 1786568180825
- conda: https://conda.anaconda.org/conda-forge/linux-64/zlib-1.3.2-h25fd6f3_3.conda
  sha256: 16080a1c7724f7d25727cdc23c7658e0cec2db52448c1dc0c33467ee2c6e1c62
  md5: 6acb86426229f96f93e5468d1df3a5e8
  depends:
  - __glibc >=2.17,<3.0.a0
  - libzlib 1.3.2 h25fd6f3_3
  license: Zlib
  license_family: Other
  run_exports:
    weak:
    - libzlib >=1.3.2,<2.0a0
  size: 96132
  timestamp: 1785362957588
- conda: https://conda.anaconda.org/conda-forge/linux-64/zstd-1.5.7-hb78ec9c_7.conda
  sha256: 47d682b9f6d6ec9eb1a6e6c3e75ea6273e899e78fb7fc59f81d39745009fbc60
  md5: aa459086047c0e5e27023ab19f8cb86a
  depends:
  - __glibc >=2.17,<3.0.a0
  - libzlib >=1.3.2,<2.0a0
  license: BSD-3-Clause
  license_family: BSD
  run_exports:
    weak:
    - zstd >=1.5.7,<1.6.0a0
  size: 601301
  timestamp: 1786599621503
- conda: https://conda.anaconda.org/conda-forge/linux-aarch64/_openmp_mutex-4.5-20_gnu.conda
  build_number: 20
  sha256: a2527b1d81792a0ccd2c05850960df119c2b6d8f5fdec97f2db7d25dc23b1068
  md5: 468fd3bb9e1f671d36c2cbc677e56f1d
  depends:
  - libgomp >=7.5.0
  constrains:
  - openmp_impl <0.0a0
  license: BSD-3-Clause
  license_family: BSD
  run_exports:
    strong:
    - _openmp_mutex >=4.5
  size: 28926
  timestamp: 1770939656741
- conda: https://conda.anaconda.org/conda-forge/linux-aarch64/libclang-cpp21.1-21.1.8-default_hd3644b0_5.conda
  sha256: 9ed7def092c79b05ef95d07d307f056a2acdef691c020b4420ba6847aa95373c
  md5: acc5c09a52ca4be5a5918e0e45628ae8
  depends:
  - libgcc >=14
  - libllvm21 >=21.1.8,<21.2.0a0
  - libstdcxx >=14
  license: Apache-2.0 WITH LLVM-exception
  license_family: Apache
  run_exports:
    weak:
    - libclang-cpp21.1 >=21.1.8,<21.2.0a0
  size: 20730073
  timestamp: 1786195059586
- conda: https://conda.anaconda.org/conda-forge/linux-aarch64/libgcc-16.1.0-h205dda4_1.conda
  sha256: 88a3d400c678df034c9d498f32503779977d5ea826063687c663e42c945abed5
  md5: 91eb209af1098d652fc69b8a3fc7cbaa
  depends:
  - _openmp_mutex >=4.5
  constrains:
  - libgomp 16.1.0 h8acb6b2_1
  - libgcc-ng ==16.1.0=*_1
  license: GPL-3.0-only WITH GCC-exception-3.1
  license_family: GPL
  run_exports: {}
  size: 628785
  timestamp: 1785374520532
- conda: https://conda.anaconda.org/conda-forge/linux-aarch64/libgomp-16.1.0-h8acb6b2_1.conda
  sha256: 1c609a4a72597350317b92c4d9dfb85d21740219048e2b1d458925a6ccfa3d7a
  md5: 4c9b02fc9fe27704777e260157003653
  license: GPL-3.0-only WITH GCC-exception-3.1
  license_family: GPL
  run_exports:
    strong:
    - _openmp_mutex >=4.5
  size: 617180
  timestamp: 1785374444877
- conda: https://conda.anaconda.org/conda-forge/linux-aarch64/libiconv-1.18-h90929bb_2.conda
  sha256: 1473451cd282b48d24515795a595801c9b65b567fe399d7e12d50b2d6cdb04d9
  md5: 5a86bf847b9b926f3a4f203339748d78
  depends:
  - libgcc >=14
  license: LGPL-2.1-only
  run_exports:
    weak:
    - libiconv >=1.18,<2.0a0
  size: 791226
  timestamp: 1754910975665
- conda: https://conda.anaconda.org/conda-forge/linux-aarch64/libllvm21-21.1.8-hfd2ba90_0.conda
  sha256: 5af18365698a9093a81490de16c97a0af5318e20086b74998718f1e5d7566e74
  md5: de59c5148c2a8347c02e437e3ed242a0
  depends:
  - libgcc >=14
  - libstdcxx >=14
  - libxml2
  - libxml2-16 >=2.14.6
  - libzlib >=1.3.1,<2.0a0
  - zstd >=1.5.7,<1.6.0a0
  license: Apache-2.0 WITH LLVM-exception
  license_family: Apache
  run_exports:
    weak:
    - libllvm21 >=21.1.8,<21.2.0a0
  size: 43148553
  timestamp: 1765930975162
- conda: https://conda.anaconda.org/conda-forge/linux-aarch64/liblzma-5.8.3-he30d5cf_1.conda
  sha256: f760669fd1cea27f689f411c0d5488e26ce50e382c9b63e4ad348f959850124a
  md5: e0e6411a60d00186eec7c73f4118ab67
  depends:
  - libgcc >=14
  constrains:
  - xz 5.8.3.*
  license: 0BSD
  run_exports:
    weak:
    - liblzma >=5.8.3,<6.0a0
  size: 125578
  timestamp: 1786348561649
- conda: https://conda.anaconda.org/conda-forge/linux-aarch64/libstdcxx-16.1.0-hef695bb_1.conda
  sha256: 81ef9a10a0e01ffc7e03d429ed048410153411b2d8bbf95c334bdf3dcf175ab0
  md5: 0bfd287b881e05351a01c7ebf7bf8f1b
  depends:
  - libgcc 16.1.0 h205dda4_1
  constrains:
  - libstdcxx-ng ==16.1.0=*_1
  license: GPL-3.0-only WITH GCC-exception-3.1
  license_family: GPL
  run_exports: {}
  size: 6255794
  timestamp: 1785374543663
- conda: https://conda.anaconda.org/conda-forge/linux-aarch64/libxml2-16-2.15.3-h064b767_0.conda
  sha256: 96e9bd642c013ce3407c23b3819204ea8a591567d62b49baa4bafb2f1487326c
  md5: 876c5457664559cdc67c4ac71e2945cb
  depends:
  - libgcc >=14
  - libiconv >=1.18,<2.0a0
  - liblzma >=5.8.3,<6.0a0
  - libzlib >=1.3.2,<2.0a0
  constrains:
  - icu <0.0a0
  - libxml2 2.15.3
  license: MIT
  license_family: MIT
  run_exports: {}
  size: 601420
  timestamp: 1776376789358
- conda: https://conda.anaconda.org/conda-forge/linux-aarch64/libxml2-2.15.3-h9ba8346_0.conda
  sha256: 74aa3c62e0ec4491343b95ce4ca8812ad2f9bb015369e29cb3b4b9b4302d8cb0
  md5: 15078261d03e3c3c83a42df605f7f34a
  depends:
  - libgcc >=14
  - libiconv >=1.18,<2.0a0
  - liblzma >=5.8.3,<6.0a0
  - libxml2-16 2.15.3 h064b767_0
  - libzlib >=1.3.2,<2.0a0
  constrains:
  - icu <0.0a0
  license: MIT
  license_family: MIT
  run_exports:
    weak:
    - libxml2
    - libxml2-16 >=2.15.3
  size: 48311
  timestamp: 1776376798296
- conda: https://conda.anaconda.org/conda-forge/linux-aarch64/libzlib-1.3.2-hdc9db2a_3.conda
  sha256: 76efa6cc9d7e6f5ee3bbca0939f64054af2bdfb3c3632531f8e633cf6c2ea41e
  md5: bd534c2fbe56d8c2ea3b2d8f5e12bca8
  constrains:
  - zlib 1.3.2 *_3
  license: Zlib
  license_family: Other
  run_exports:
    weak:
    - libzlib >=1.3.2,<2.0a0
  size: 70108
  timestamp: 1785276540870
- conda: https://conda.anaconda.org/conda-forge/linux-aarch64/zig-0.16.0-hd5d8784_11.conda
  sha256: 22897888071d4846599d379a268e3d572f7917a2f6a24cfdcfe0c39b90bc8a38
  md5: 07e1dba6ae25fd1c8fef60e4c2309c1e
  depends:
  - zig_linux-aarch64 ==0.16.0 hd0d4cc3_11
  license: MIT AND LicenseRef-Public-Domain
  run_exports:
    weak:
    - zig >=0.16.0,<0.16.1.0a0
  size: 144550
  timestamp: 1786568113687
- conda: https://conda.anaconda.org/conda-forge/linux-aarch64/zig_impl_linux-aarch64-0.16.0-h537aaa7_11.conda
  sha256: 357c89804294c8f2e2f0291e11252c7f75e9fd8653ca790cef46178c0cf62c6a
  md5: 097c67695391e3960343b8f4013b9146
  depends:
  - libstdcxx >=14
  - libgcc >=14
  - libxml2
  - zstd >=1.5.7,<1.6.0a0
  - libclang-cpp21.1 >=21.1.8,<21.2.0a0
  - libllvm21 >=21.1.8,<21.2.0a0
  - libzlib >=1.3.2,<2.0a0
  license: MIT AND LicenseRef-Public-Domain
  run_exports: {}
  size: 63558522
  timestamp: 1786568113687
- conda: https://conda.anaconda.org/conda-forge/linux-aarch64/zig_linux-aarch64-0.16.0-hd0d4cc3_11.conda
  sha256: 7c0880048abe3b837dfd088cc1513d2803a708eec869fe0006b9fb5e756667a5
  md5: 07392157a205acf7c0a313a59c8dd0d3
  depends:
  - zig_impl_linux-aarch64 ==0.16.0 h537aaa7_11
  license: MIT AND LicenseRef-Public-Domain
  run_exports: {}
  size: 188805
  timestamp: 1786568113687
- conda: https://conda.anaconda.org/conda-forge/linux-aarch64/zlib-1.3.2-hdc9db2a_3.conda
  sha256: 3f3c296477cf26474660942f4d8ec104a8eee2cb1abc7c5bfec9ac1102c66451
  md5: 254c54ac18eca7bf4f865e661306dc43
  depends:
  - libzlib 1.3.2 hdc9db2a_3
  license: Zlib
  license_family: Other
  run_exports:
    weak:
    - libzlib >=1.3.2,<2.0a0
  size: 100332
  timestamp: 1785276566528
- conda: https://conda.anaconda.org/conda-forge/linux-aarch64/zstd-1.5.7-h9d15635_7.conda
  sha256: 427fd14bcb3b8659796fecc682716617409350fb5a98e5b7b47558a10d1a2fc7
  md5: d942e34ac3920ba83f8b2d0169570187
  depends:
  - libzlib >=1.3.2,<2.0a0
  license: BSD-3-Clause
  license_family: BSD
  run_exports:
    weak:
    - zstd >=1.5.7,<1.6.0a0
  size: 615477
  timestamp: 1786599613561
- conda: https://conda.anaconda.org/conda-forge/osx-64/libclang-cpp21.1-21.1.8-default_he2ff43c_5.conda
  sha256: d26063a8aa1600f9ce047f3028b2f549082705a9c91144a3f8d5de4e958a6404
  md5: be18e283afbbc1c6a2f65fd3b85c0b24
  depends:
  - __osx >=11.0
  - libcxx >=21.1.8
  - libllvm21 >=21.1.8,<21.2.0a0
  license: Apache-2.0 WITH LLVM-exception
  license_family: Apache
  run_exports:
    weak:
    - libclang-cpp21.1 >=21.1.8,<21.2.0a0
  size: 14456241
  timestamp: 1786195013162
- conda: https://conda.anaconda.org/conda-forge/osx-64/libcxx-21.1.8-hc69e625_3.conda
  sha256: e77958a31689eb95aca8f4a9f33dbbaefd1ef35043642edba97eac3006047f6c
  md5: 1feff5870497fd4e44e5d2858e1954f2
  depends:
  - __osx >=10.13
  license: Apache-2.0 WITH LLVM-exception
  license_family: Apache
  run_exports: {}
  size: 572237
  timestamp: 1771995575434
- conda: https://conda.anaconda.org/conda-forge/osx-64/libiconv-1.18-h57a12c2_2.conda
  sha256: a1c8cecdf9966921e13f0ae921309a1f415dfbd2b791f2117cf7e8f5e61a48b6
  md5: 210a85a1119f97ea7887188d176db135
  depends:
  - __osx >=10.13
  license: LGPL-2.1-only
  run_exports:
    weak:
    - libiconv >=1.18,<2.0a0
  size: 737846
  timestamp: 1754908900138
- conda: https://conda.anaconda.org/conda-forge/osx-64/libllvm21-21.1.8-h56e7563_0.conda
  sha256: b98962b93624f52399aa748cc66dea7d6aae0a20db6decadc979db151928d214
  md5: 8f26c2dbe4213a12b6595f4b941ac9cb
  depends:
  - __osx >=10.13
  - libcxx >=19
  - libxml2
  - libxml2-16 >=2.14.6
  - libzlib >=1.3.1,<2.0a0
  - zstd >=1.5.7,<1.6.0a0
  license: Apache-2.0 WITH LLVM-exception
  license_family: Apache
  run_exports:
    weak:
    - libllvm21 >=21.1.8,<21.2.0a0
  size: 31433093
  timestamp: 1765929081793
- conda: https://conda.anaconda.org/conda-forge/osx-64/liblzma-5.8.3-hbb4bfdb_1.conda
  sha256: 7915dac7c71c208e40e716e2f6d3eff41a8d5584e0e7c2d46f9bf9bd5f9aa739
  md5: daf49067580fbfeae3ac7f9535400494
  depends:
  - __osx >=11.0
  constrains:
  - xz 5.8.3.*
  license: 0BSD
  run_exports:
    weak:
    - liblzma >=5.8.3,<6.0a0
  size: 104919
  timestamp: 1786349094608
- conda: https://conda.anaconda.org/conda-forge/osx-64/libxml2-16-2.15.3-h0d7f165_0.conda
  sha256: daa69a1dd887b2dbac44327bc5af73a4d41fa63bc6dc609782fdda9aec187895
  md5: 5eb194ed01ed3f5a64b6fcec1b399d96
  depends:
  - __osx >=11.0
  - libiconv >=1.18,<2.0a0
  - liblzma >=5.8.3,<6.0a0
  - libzlib >=1.3.2,<2.0a0
  constrains:
  - icu <0.0a0
  - libxml2 2.15.3
  license: MIT
  license_family: MIT
  run_exports: {}
  size: 495267
  timestamp: 1776377547505
- conda: https://conda.anaconda.org/conda-forge/osx-64/libxml2-2.15.3-h0712280_0.conda
  sha256: caf6e73fa53c3dec3227ea67de231b0f7009544252684e816c6f2f414aeb55c9
  md5: 81ac54c8b2eb51fceb94eb0817b93cf3
  depends:
  - __osx >=11.0
  - libiconv >=1.18,<2.0a0
  - liblzma >=5.8.3,<6.0a0
  - libxml2-16 2.15.3 h0d7f165_0
  - libzlib >=1.3.2,<2.0a0
  constrains:
  - icu <0.0a0
  license: MIT
  license_family: MIT
  run_exports:
    weak:
    - libxml2
    - libxml2-16 >=2.15.3
  size: 40803
  timestamp: 1776377589058
- conda: https://conda.anaconda.org/conda-forge/osx-64/libzlib-1.3.2-hbb4bfdb_3.conda
  sha256: b2dba286dd6632292b12296e761193b5ef9fb0eaeecaa481f5ba9af72c0c18e1
  md5: 7d3fa28263bb7f8ea32db11f570a5bb6
  depends:
  - __osx >=11.0
  constrains:
  - zlib 1.3.2 *_3
  license: Zlib
  license_family: Other
  run_exports:
    weak:
    - libzlib >=1.3.2,<2.0a0
  size: 58993
  timestamp: 1785276808631
- conda: https://conda.anaconda.org/conda-forge/osx-64/zig-0.16.0-haad70df_11.conda
  sha256: 8fcbe0eb1b83f1efd3a95f3c05d41728d763578e8e42295acce2eb4d9db41162
  md5: b765164439e0dc14f3b105986f5e8c4d
  depends:
  - zig_osx-64 ==0.16.0 hda0bc41_11
  license: MIT AND LicenseRef-Public-Domain
  run_exports:
    weak:
    - zig >=0.16.0,<0.16.1.0a0
  size: 143879
  timestamp: 1786568126343
- conda: https://conda.anaconda.org/conda-forge/osx-64/zig_impl_osx-64-0.16.0-h23fd757_11.conda
  sha256: b7aafd00d40ab04bcda783ee2a105ae81f45d40f7828940feb09e97262ff9ca8
  md5: a4fd2d0956fd4df71fb6ca4e1221b618
  depends:
  - libcxx 21.*
  - __osx >=11.0
  - libcxx >=21
  - libxml2
  - libxml2-16 >=2.14.6
  - libzlib >=1.3.2,<2.0a0
  - libclang-cpp21.1 >=21.1.8,<21.2.0a0
  - libllvm21 >=21.1.8,<21.2.0a0
  - zstd >=1.5.7,<1.6.0a0
  license: MIT AND LicenseRef-Public-Domain
  run_exports: {}
  size: 63472250
  timestamp: 1786568126343
- conda: https://conda.anaconda.org/conda-forge/osx-64/zig_osx-64-0.16.0-hda0bc41_11.conda
  sha256: 0011b3ddb963cfb60250bffe5c195e43de742de625c024b1c05d9737a12fb822
  md5: fb18391a0a5bd5654f78e60c138574aa
  depends:
  - zig_impl_osx-64 ==0.16.0 h23fd757_11
  license: MIT AND LicenseRef-Public-Domain
  run_exports: {}
  size: 188044
  timestamp: 1786568126343
- conda: https://conda.anaconda.org/conda-forge/osx-64/zlib-1.3.2-hbb4bfdb_3.conda
  sha256: d46ba65a5ebcb4f682f9f0f21943c427eb56e7f9d15aeab8b823294c787dbb0b
  md5: c67ad1f1d33a7de2dd34e55c01a21eca
  depends:
  - __osx >=11.0
  - libzlib 1.3.2 hbb4bfdb_3
  license: Zlib
  license_family: Other
  run_exports:
    weak:
    - libzlib >=1.3.2,<2.0a0
  size: 93115
  timestamp: 1785276829908
- conda: https://conda.anaconda.org/conda-forge/osx-64/zstd-1.5.7-hbc1a06c_7.conda
  sha256: 5277886d9704a624dc9b79ac985861e1e431bdb39a57c082507ab577a138ec6c
  md5: c1d11f04327e40537ffe6cad5b131019
  depends:
  - __osx >=11.0
  - libzlib >=1.3.2,<2.0a0
  license: BSD-3-Clause
  license_family: BSD
  run_exports:
    weak:
    - zstd >=1.5.7,<1.6.0a0
  size: 528228
  timestamp: 1786599702092
- conda: https://conda.anaconda.org/conda-forge/osx-arm64/libclang-cpp21.1-21.1.8-default_hc8afa7b_5.conda
  sha256: 63ba61c59ec493100ab6ba2ce39d7e3a9457da685e3d6d3055de189f957abbf2
  md5: 3d4f884d2287d14840de8957abb04fa3
  depends:
  - __osx >=11.0
  - libcxx >=21.1.8
  - libllvm21 >=21.1.8,<21.2.0a0
  license: Apache-2.0 WITH LLVM-exception
  license_family: Apache
  run_exports:
    weak:
    - libclang-cpp21.1 >=21.1.8,<21.2.0a0
  size: 13684032
  timestamp: 1786196368641
- conda: https://conda.anaconda.org/conda-forge/osx-arm64/libcxx-21.1.8-h55c6f16_3.conda
  sha256: 676cbe1a62669965640cddca1319acb8cbe4737bc37089068ce18ce4825ab0d8
  md5: 2a4106524e64762c7d7f723cf083e445
  depends:
  - __osx >=11.0
  license: Apache-2.0 WITH LLVM-exception
  license_family: Apache
  run_exports: {}
  size: 570017
  timestamp: 1771995637294
- conda: https://conda.anaconda.org/conda-forge/osx-arm64/libiconv-1.18-h23cfdf5_2.conda
  sha256: de0336e800b2af9a40bdd694b03870ac4a848161b35c8a2325704f123f185f03
  md5: 4d5a7445f0b25b6a3ddbb56e790f5251
  depends:
  - __osx >=11.0
  license: LGPL-2.1-only
  run_exports:
    weak:
    - libiconv >=1.18,<2.0a0
  size: 750379
  timestamp: 1754909073836
- conda: https://conda.anaconda.org/conda-forge/osx-arm64/libllvm21-21.1.8-h8e0c9ce_0.conda
  sha256: 3f4512155aca799a25937f9ee794490794fb33f8f90a5e6532d8be869e7d79a0
  md5: 8fc5b2387a7907cd58805668dad3b70f
  depends:
  - __osx >=11.0
  - libcxx >=19
  - libxml2
  - libxml2-16 >=2.14.6
  - libzlib >=1.3.1,<2.0a0
  - zstd >=1.5.7,<1.6.0a0
  license: Apache-2.0 WITH LLVM-exception
  license_family: Apache
  run_exports:
    weak:
    - libllvm21 >=21.1.8,<21.2.0a0
  size: 29398498
  timestamp: 1765924904821
- conda: https://conda.anaconda.org/conda-forge/osx-arm64/liblzma-5.8.3-h8088a28_1.conda
  sha256: 23d0630046a3e8b164d8f80f2b74ed2605af2e7050ab9913018056402fae4311
  md5: 8ab10323068b107661a4b9a4af84f3b5
  depends:
  - __osx >=11.0
  constrains:
  - xz 5.8.3.*
  license: 0BSD
  run_exports:
    weak:
    - liblzma >=5.8.3,<6.0a0
  size: 91720
  timestamp: 1786348695846
- conda: https://conda.anaconda.org/conda-forge/osx-arm64/libxml2-16-2.15.3-h6967ea9_0.conda
  sha256: 43895a7517c055b8893531290f9dc48bd751eb04be04f14bbce3b6c71b052be6
  md5: 6c8292c2ee808aeef2406083beaa6da7
  depends:
  - __osx >=11.0
  - libiconv >=1.18,<2.0a0
  - liblzma >=5.8.3,<6.0a0
  - libzlib >=1.3.2,<2.0a0
  constrains:
  - libxml2 2.15.3
  - icu <0.0a0
  license: MIT
  license_family: MIT
  run_exports: {}
  size: 465820
  timestamp: 1776377317454
- conda: https://conda.anaconda.org/conda-forge/osx-arm64/libxml2-2.15.3-heed7d32_0.conda
  sha256: 4d9c117b2dd222cf891710d5f6a570ebb275479979843a1477ac54ed50907b40
  md5: 0c1fdc80534d8f25fd74722aba81f044
  depends:
  - __osx >=11.0
  - libiconv >=1.18,<2.0a0
  - liblzma >=5.8.3,<6.0a0
  - libxml2-16 2.15.3 h6967ea9_0
  - libzlib >=1.3.2,<2.0a0
  constrains:
  - icu <0.0a0
  license: MIT
  license_family: MIT
  run_exports:
    weak:
    - libxml2
    - libxml2-16 >=2.15.3
  size: 41663
  timestamp: 1776377341241
- conda: https://conda.anaconda.org/conda-forge/osx-arm64/libzlib-1.3.2-h8088a28_3.conda
  sha256: a18fa5d5bac452401459f966cf0d872224e8080c4ff93c77e168d43ab42ef9d7
  md5: f39288f0ea63ae962e1a2e4f355a0d75
  depends:
  - __osx >=11.0
  constrains:
  - zlib 1.3.2 *_3
  license: Zlib
  license_family: Other
  run_exports:
    weak:
    - libzlib >=1.3.2,<2.0a0
  size: 47822
  timestamp: 1785277049190
- conda: https://conda.anaconda.org/conda-forge/osx-arm64/zig-0.16.0-hf04d0bf_11.conda
  sha256: 9aff8f677f3579204b764684d30575009d1ba317845530bd00d0003410a10ddf
  md5: 15977c58d233c551bd260cbce6de3187
  depends:
  - zig_osx-arm64 ==0.16.0 h627585c_11
  license: MIT AND LicenseRef-Public-Domain
  run_exports:
    weak:
    - zig >=0.16.0,<0.16.1.0a0
  size: 143674
  timestamp: 1786568130666
- conda: https://conda.anaconda.org/conda-forge/osx-arm64/zig_impl_osx-arm64-0.16.0-h2af20f7_11.conda
  sha256: 51ba6b023d3030084cc02394d9bea3b761e52b877ff3b1c6ce7ed983c353d0fc
  md5: bf14714ee6d7230651a34f0ec09d3eec
  depends:
  - libcxx 21.*
  - __osx >=11.0
  - libcxx >=21
  - zstd >=1.5.7,<1.6.0a0
  - libzlib >=1.3.2,<2.0a0
  - libllvm21 >=21.1.8,<21.2.0a0
  - libclang-cpp21.1 >=21.1.8,<21.2.0a0
  - libxml2
  - libxml2-16 >=2.14.6
  license: MIT AND LicenseRef-Public-Domain
  run_exports: {}
  size: 63148465
  timestamp: 1786568130666
- conda: https://conda.anaconda.org/conda-forge/osx-arm64/zig_osx-arm64-0.16.0-h627585c_11.conda
  sha256: 24808a273633e644707dc2a1088e163c439b4bacdd57eb763f907d25f24931eb
  md5: 8b851e0f9f14f7df4c1540d632b613d4
  depends:
  - zig_impl_osx-arm64 ==0.16.0 h2af20f7_11
  license: MIT AND LicenseRef-Public-Domain
  run_exports: {}
  size: 187839
  timestamp: 1786568130666
- conda: https://conda.anaconda.org/conda-forge/osx-arm64/zlib-1.3.2-h8088a28_3.conda
  sha256: ab46d85e4fcffff1b1c5cac517afa40b7ae784cf76fc9da1f55f6a6934291eb6
  md5: 2c966485853aa27985fbec7e3fcc4e77
  depends:
  - __osx >=11.0
  - libzlib 1.3.2 h8088a28_3
  license: Zlib
  license_family: Other
  run_exports:
    weak:
    - libzlib >=1.3.2,<2.0a0
  size: 81744
  timestamp: 1785277062753
- conda: https://conda.anaconda.org/conda-forge/osx-arm64/zstd-1.5.7-hf451053_7.conda
  sha256: da867f5092eb0cb746d353694f0098031fd9817a4ce7d5743121209ae0f406ca
  md5: 4ec2684c73812cc2c3d78379384a39cc
  depends:
  - __osx >=11.0
  - libzlib >=1.3.2,<2.0a0
  license: BSD-3-Clause
  license_family: BSD
  run_exports:
    weak:
    - zstd >=1.5.7,<1.6.0a0
  size: 433687
  timestamp: 1786599629846
- conda: https://conda.anaconda.org/conda-forge/win-64/libiconv-1.18-hc1393d2_2.conda
  sha256: 0dcdb1a5f01863ac4e8ba006a8b0dc1a02d2221ec3319b5915a1863254d7efa7
  md5: 64571d1dd6cdcfa25d0664a5950fdaa2
  depends:
  - ucrt >=10.0.20348.0
  - vc >=14.3,<15
  - vc14_runtime >=14.44.35208
  license: LGPL-2.1-only
  run_exports:
    weak:
    - libiconv >=1.18,<2.0a0
  size: 696926
  timestamp: 1754909290005
- conda: https://conda.anaconda.org/conda-forge/win-64/liblzma-5.8.3-hfd05255_1.conda
  sha256: d36c4a1e1f80fd08e18a407e03622ff2f34dfdd022da6488ad19603dea19e6d5
  md5: 880a0c8549479b198af21ba5dc49b109
  depends:
  - ucrt >=10.0.20348.0
  - vc >=14.3,<15
  - vc14_runtime >=14.44.35208
  constrains:
  - xz 5.8.3.*
  license: 0BSD
  run_exports:
    weak:
    - liblzma >=5.8.3,<6.0a0
  size: 105809
  timestamp: 1786348717883
- conda: https://conda.anaconda.org/conda-forge/win-64/libxml2-16-2.15.3-h692994f_0.conda
  sha256: 8038084c60eda2006d0122d05e3364fe8db0a18935ca6ed0168b5ba5aa33f904
  md5: f7d6fcda29570e20851b78d92ea2154e
  depends:
  - libiconv >=1.18,<2.0a0
  - liblzma >=5.8.3,<6.0a0
  - libzlib >=1.3.2,<2.0a0
  - ucrt >=10.0.20348.0
  - vc >=14.3,<15
  - vc14_runtime >=14.44.35208
  constrains:
  - libxml2 2.15.3
  - icu <0.0a0
  license: MIT
  license_family: MIT
  run_exports: {}
  size: 518869
  timestamp: 1776376971242
- conda: https://conda.anaconda.org/conda-forge/win-64/libxml2-2.15.3-hbc0d294_0.conda
  sha256: da68af9d9d28d65a6916db1bef68f8a25c64c4fdcf759f32a2d2f2f143220adf
  md5: e3b5acbb857a12f5d59e8d174bc536c0
  depends:
  - libiconv >=1.18,<2.0a0
  - liblzma >=5.8.3,<6.0a0
  - libxml2-16 2.15.3 h692994f_0
  - libzlib >=1.3.2,<2.0a0
  - ucrt >=10.0.20348.0
  - vc >=14.3,<15
  - vc14_runtime >=14.44.35208
  constrains:
  - icu <0.0a0
  license: MIT
  license_family: MIT
  run_exports:
    weak:
    - libxml2
    - libxml2-16 >=2.15.3
  size: 43916
  timestamp: 1776376994334
- conda: https://conda.anaconda.org/conda-forge/win-64/libzlib-1.3.2-hfd05255_3.conda
  sha256: 0629c2cc0404d3bb29d6baa7b4ba62da80797015e86de050db81ea5a07050527
  md5: 5d2ff29d465097458cc3ff6569151991
  depends:
  - ucrt >=10.0.20348.0
  - vc >=14.3,<15
  - vc14_runtime >=14.44.35208
  constrains:
  - zlib 1.3.2 *_3
  license: Zlib
  license_family: Other
  run_exports:
    weak:
    - libzlib >=1.3.2,<2.0a0
  size: 58529
  timestamp: 1785276664143
- conda: https://conda.anaconda.org/conda-forge/win-64/ucrt-10.0.26100.0-h57928b3_0.conda
  sha256: 3005729dce6f3d3f5ec91dfc49fc75a0095f9cd23bab49efb899657297ac91a5
  md5: 71b24316859acd00bdb8b38f5e2ce328
  constrains:
  - vc14_runtime >=14.29.30037
  - vs2015_runtime >=14.29.30037
  license: LicenseRef-MicrosoftWindowsSDK10
  run_exports: {}
  size: 694692
  timestamp: 1756385147981
- conda: https://conda.anaconda.org/conda-forge/win-64/vc-14.5-ha367084_41.conda
  sha256: 35444c55a92e2f7f7ba26bc70f81e56e52344f7d064c0fd4b40a46a58517b79c
  md5: aa805b5522c2a98fa286e551a1f48546
  depends:
  - vc14_runtime >=14.51.36247
  track_features:
  - vc14
  license: BSD-3-Clause
  license_family: BSD
  run_exports: {}
  size: 21383
  timestamp: 1785359368566
- conda: https://conda.anaconda.org/conda-forge/win-64/vc14_runtime-14.51.36247-habf1de7_41.conda
  sha256: 4e4cb599cdc41bf2109d1464c127b5bcbddf548ce3e322e612afb691338b48f8
  md5: ac5333bb3d429361f23adf704cc49a78
  depends:
  - ucrt >=10.0.20348.0
  - vcomp14 14.51.36247 habf1de7_41
  constrains:
  - vs2015_runtime 14.51.36247.* *_41
  license: LicenseRef-MicrosoftVisualCpp2015-2022Runtime
  license_family: Proprietary
  run_exports: {}
  size: 767955
  timestamp: 1785359364369
- conda: https://conda.anaconda.org/conda-forge/win-64/vcomp14-14.51.36247-habf1de7_41.conda
  sha256: 731e043390c9457299484d39e427221fc868a9249540a498a5a4f6456c7744d1
  md5: 350bb67a5c8e5f1c53347ac544ab6600
  depends:
  - ucrt >=10.0.20348.0
  constrains:
  - vs2015_runtime 14.51.36247.* *_41
  license: LicenseRef-MicrosoftVisualCpp2015-2022Runtime
  license_family: Proprietary
  run_exports:
    strong:
    - vcomp14 >=14.51.36247
  size: 155910
  timestamp: 1785359349999
- conda: https://conda.anaconda.org/conda-forge/win-64/zig-0.16.0-h99b0640_11.conda
  sha256: 8f2371665429c16ce23e798deb457fe0f18835430d266c474433be94679fceec
  md5: 5b355c1255d5b1bfe15e0aef243c681e
  depends:
  - zig_win-64 ==0.16.0 hb1b360f_11
  license: MIT AND LicenseRef-Public-Domain
  run_exports:
    weak:
    - zig >=0.16.0,<0.16.1.0a0
  size: 144591
  timestamp: 1786568345976
- conda: https://conda.anaconda.org/conda-forge/win-64/zig_impl_win-64-0.16.0-h09a9979_11.conda
  sha256: 1912a71ba95403e6beb8627d98bb77adcdbc1c61906d125df0dfed60ffb06168
  md5: 6f14f10ded316b02ff0f21861c390a9c
  depends:
  - vc >=14.3,<15
  - zstd >=1.5.7,<1.6.0a0
  - libxml2
  - libxml2-16 >=2.14.6
  - libzlib >=1.3.2,<2.0a0
  license: MIT AND LicenseRef-Public-Domain
  run_exports: {}
  size: 105543977
  timestamp: 1786568345976
- conda: https://conda.anaconda.org/conda-forge/win-64/zig_win-64-0.16.0-hb1b360f_11.conda
  sha256: 914e7b3ff4f6ea094f351626691951d5add9737c5307c507eaf2da731241b05e
  md5: f5f622950a7012d480357b4f4c4dcf2f
  depends:
  - zig_impl_win-64 ==0.16.0 h09a9979_11
  - vc >=14.3,<15
  - vc14_runtime >=14.44.35208
  - ucrt >=10.0.20348.0
  license: MIT AND LicenseRef-Public-Domain
  run_exports: {}
  size: 318464
  timestamp: 1786568345976
- conda: https://conda.anaconda.org/conda-forge/win-64/zlib-1.3.2-hfd05255_3.conda
  sha256: 5a0b55df66ff07b4342e04967cef69f8bf348f6a0fb1cc1eca741c7b015dfe77
  md5: 945092a9bc1d0f250f7d5ecf51ecd471
  depends:
  - libzlib 1.3.2 hfd05255_3
  - ucrt >=10.0.20348.0
  - vc >=14.3,<15
  - vc14_runtime >=14.44.35208
  license: Zlib
  license_family: Other
  run_exports:
    weak:
    - libzlib >=1.3.2,<2.0a0
  size: 851288
  timestamp: 1785276674755
- conda: https://conda.anaconda.org/conda-forge/win-64/zstd-1.5.7-h534d264_7.conda
  sha256: ca7daae4f218a11fab82cc2857f0ea518ec3f46acec60490485347a4c22c6b3e
  md5: e4ac308c39d6d0e131154976da67cf3b
  depends:
  - vc >=14.3,<15
  - vc14_runtime >=14.44.35208
  - ucrt >=10.0.20348.0
  - libzlib >=1.3.2,<2.0a0
  license: BSD-3-Clause
  license_family: BSD
  run_exports:
    weak:
    - zstd >=1.5.7,<1.6.0a0
  size: 387535
  timestamp: 1786599623274
- conda_source: zlib-zig[5185397b] @ .
  variants:
    target_platform: win-64
  depends:
  - libzlib >=1.3.2,<2.0a0
  build_packages:
  - conda: https://conda.anaconda.org/conda-forge/win-64/libiconv-1.18-hc1393d2_2.conda
  - conda: https://conda.anaconda.org/conda-forge/win-64/liblzma-5.8.3-hfd05255_1.conda
  - conda: https://conda.anaconda.org/conda-forge/win-64/libxml2-16-2.15.3-h692994f_0.conda
  - conda: https://conda.anaconda.org/conda-forge/win-64/libxml2-2.15.3-hbc0d294_0.conda
  - conda: https://conda.anaconda.org/conda-forge/win-64/libzlib-1.3.2-hfd05255_3.conda
  - conda: https://conda.anaconda.org/conda-forge/win-64/ucrt-10.0.26100.0-h57928b3_0.conda
  - conda: https://conda.anaconda.org/conda-forge/win-64/vc-14.5-ha367084_41.conda
  - conda: https://conda.anaconda.org/conda-forge/win-64/vc14_runtime-14.51.36247-habf1de7_41.conda
  - conda: https://conda.anaconda.org/conda-forge/win-64/vcomp14-14.51.36247-habf1de7_41.conda
  - conda: https://conda.anaconda.org/conda-forge/win-64/zig-0.16.0-h99b0640_11.conda
  - conda: https://conda.anaconda.org/conda-forge/win-64/zig_impl_win-64-0.16.0-h09a9979_11.conda
  - conda: https://conda.anaconda.org/conda-forge/win-64/zig_win-64-0.16.0-hb1b360f_11.conda
  - conda: https://conda.anaconda.org/conda-forge/win-64/zstd-1.5.7-h534d264_7.conda
  host_packages:
  - conda: https://conda.anaconda.org/conda-forge/win-64/libzlib-1.3.2-hfd05255_3.conda
  - conda: https://conda.anaconda.org/conda-forge/win-64/ucrt-10.0.26100.0-h57928b3_0.conda
  - conda: https://conda.anaconda.org/conda-forge/win-64/vc-14.5-ha367084_41.conda
  - conda: https://conda.anaconda.org/conda-forge/win-64/vc14_runtime-14.51.36247-habf1de7_41.conda
  - conda: https://conda.anaconda.org/conda-forge/win-64/vcomp14-14.51.36247-habf1de7_41.conda
  - conda: https://conda.anaconda.org/conda-forge/win-64/zlib-1.3.2-hfd05255_3.conda
- conda_source: zlib-zig[8005115d] @ .
  variants:
    target_platform: linux-aarch64
  depends:
  - libzlib >=1.3.2,<2.0a0
  build_packages:
  - conda: https://conda.anaconda.org/conda-forge/linux-aarch64/_openmp_mutex-4.5-20_gnu.conda
  - conda: https://conda.anaconda.org/conda-forge/linux-aarch64/libclang-cpp21.1-21.1.8-default_hd3644b0_5.conda
  - conda: https://conda.anaconda.org/conda-forge/linux-aarch64/libgcc-16.1.0-h205dda4_1.conda
  - conda: https://conda.anaconda.org/conda-forge/linux-aarch64/libgomp-16.1.0-h8acb6b2_1.conda
  - conda: https://conda.anaconda.org/conda-forge/linux-aarch64/libiconv-1.18-h90929bb_2.conda
  - conda: https://conda.anaconda.org/conda-forge/linux-aarch64/libllvm21-21.1.8-hfd2ba90_0.conda
  - conda: https://conda.anaconda.org/conda-forge/linux-aarch64/liblzma-5.8.3-he30d5cf_1.conda
  - conda: https://conda.anaconda.org/conda-forge/linux-aarch64/libstdcxx-16.1.0-hef695bb_1.conda
  - conda: https://conda.anaconda.org/conda-forge/linux-aarch64/libxml2-16-2.15.3-h064b767_0.conda
  - conda: https://conda.anaconda.org/conda-forge/linux-aarch64/libxml2-2.15.3-h9ba8346_0.conda
  - conda: https://conda.anaconda.org/conda-forge/linux-aarch64/libzlib-1.3.2-hdc9db2a_3.conda
  - conda: https://conda.anaconda.org/conda-forge/linux-aarch64/zig-0.16.0-hd5d8784_11.conda
  - conda: https://conda.anaconda.org/conda-forge/linux-aarch64/zig_impl_linux-aarch64-0.16.0-h537aaa7_11.conda
  - conda: https://conda.anaconda.org/conda-forge/linux-aarch64/zig_linux-aarch64-0.16.0-hd0d4cc3_11.conda
  - conda: https://conda.anaconda.org/conda-forge/linux-aarch64/zstd-1.5.7-h9d15635_7.conda
  host_packages:
  - conda: https://conda.anaconda.org/conda-forge/linux-aarch64/libzlib-1.3.2-hdc9db2a_3.conda
  - conda: https://conda.anaconda.org/conda-forge/linux-aarch64/zlib-1.3.2-hdc9db2a_3.conda
- conda_source: zlib-zig[a1e43b1d] @ .
  variants:
    target_platform: osx-64
  depends:
  - libzlib >=1.3.2,<2.0a0
  build_packages:
  - conda: https://conda.anaconda.org/conda-forge/osx-64/libclang-cpp21.1-21.1.8-default_he2ff43c_5.conda
  - conda: https://conda.anaconda.org/conda-forge/osx-64/libcxx-21.1.8-hc69e625_3.conda
  - conda: https://conda.anaconda.org/conda-forge/osx-64/libiconv-1.18-h57a12c2_2.conda
  - conda: https://conda.anaconda.org/conda-forge/osx-64/libllvm21-21.1.8-h56e7563_0.conda
  - conda: https://conda.anaconda.org/conda-forge/osx-64/liblzma-5.8.3-hbb4bfdb_1.conda
  - conda: https://conda.anaconda.org/conda-forge/osx-64/libxml2-16-2.15.3-h0d7f165_0.conda
  - conda: https://conda.anaconda.org/conda-forge/osx-64/libxml2-2.15.3-h0712280_0.conda
  - conda: https://conda.anaconda.org/conda-forge/osx-64/libzlib-1.3.2-hbb4bfdb_3.conda
  - conda: https://conda.anaconda.org/conda-forge/osx-64/zig-0.16.0-haad70df_11.conda
  - conda: https://conda.anaconda.org/conda-forge/osx-64/zig_impl_osx-64-0.16.0-h23fd757_11.conda
  - conda: https://conda.anaconda.org/conda-forge/osx-64/zig_osx-64-0.16.0-hda0bc41_11.conda
  - conda: https://conda.anaconda.org/conda-forge/osx-64/zstd-1.5.7-hbc1a06c_7.conda
  host_packages:
  - conda: https://conda.anaconda.org/conda-forge/osx-64/libzlib-1.3.2-hbb4bfdb_3.conda
  - conda: https://conda.anaconda.org/conda-forge/osx-64/zlib-1.3.2-hbb4bfdb_3.conda
- conda_source: zlib-zig[df88a4aa] @ .
  variants:
    target_platform: linux-64
  depends:
  - libzlib >=1.3.2,<2.0a0
  build_packages:
  - conda: https://conda.anaconda.org/conda-forge/linux-64/_openmp_mutex-4.5-20_gnu.conda
  - conda: https://conda.anaconda.org/conda-forge/linux-64/icu-78.3-py310h44b86e0_2.conda
  - conda: https://conda.anaconda.org/conda-forge/linux-64/libclang-cpp21.1-21.1.8-default_h4f0048e_5.conda
  - conda: https://conda.anaconda.org/conda-forge/linux-64/libgcc-16.1.0-ha9f2e26_1.conda
  - conda: https://conda.anaconda.org/conda-forge/linux-64/libgomp-16.1.0-he0feb66_1.conda
  - conda: https://conda.anaconda.org/conda-forge/linux-64/libiconv-1.18-h3b78370_2.conda
  - conda: https://conda.anaconda.org/conda-forge/linux-64/libllvm21-21.1.8-hf7376ad_0.conda
  - conda: https://conda.anaconda.org/conda-forge/linux-64/liblzma-5.8.3-hb03c661_1.conda
  - conda: https://conda.anaconda.org/conda-forge/linux-64/libstdcxx-16.1.0-h934c35e_1.conda
  - conda: https://conda.anaconda.org/conda-forge/linux-64/libxml2-16-2.15.3-hca6bf5a_0.conda
  - conda: https://conda.anaconda.org/conda-forge/linux-64/libxml2-2.15.3-h49c6c72_0.conda
  - conda: https://conda.anaconda.org/conda-forge/linux-64/libzlib-1.3.2-h25fd6f3_3.conda
  - conda: https://conda.anaconda.org/conda-forge/linux-64/zig-0.16.0-hd866774_11.conda
  - conda: https://conda.anaconda.org/conda-forge/linux-64/zig_impl_linux-64-0.16.0-h7428a68_11.conda
  - conda: https://conda.anaconda.org/conda-forge/linux-64/zig_linux-64-0.16.0-h9f8d056_11.conda
  - conda: https://conda.anaconda.org/conda-forge/linux-64/zstd-1.5.7-hb78ec9c_7.conda
  host_packages:
  - conda: https://conda.anaconda.org/conda-forge/linux-64/libzlib-1.3.2-h25fd6f3_3.conda
  - conda: https://conda.anaconda.org/conda-forge/linux-64/zlib-1.3.2-h25fd6f3_3.conda
- conda_source: zlib-zig[f00a00bc] @ .
  variants:
    target_platform: osx-arm64
  depends:
  - libzlib >=1.3.2,<2.0a0
  build_packages:
  - conda: https://conda.anaconda.org/conda-forge/osx-arm64/libclang-cpp21.1-21.1.8-default_hc8afa7b_5.conda
  - conda: https://conda.anaconda.org/conda-forge/osx-arm64/libcxx-21.1.8-h55c6f16_3.conda
  - conda: https://conda.anaconda.org/conda-forge/osx-arm64/libiconv-1.18-h23cfdf5_2.conda
  - conda: https://conda.anaconda.org/conda-forge/osx-arm64/libllvm21-21.1.8-h8e0c9ce_0.conda
  - conda: https://conda.anaconda.org/conda-forge/osx-arm64/liblzma-5.8.3-h8088a28_1.conda
  - conda: https://conda.anaconda.org/conda-forge/osx-arm64/libxml2-16-2.15.3-h6967ea9_0.conda
  - conda: https://conda.anaconda.org/conda-forge/osx-arm64/libxml2-2.15.3-heed7d32_0.conda
  - conda: https://conda.anaconda.org/conda-forge/osx-arm64/libzlib-1.3.2-h8088a28_3.conda
  - conda: https://conda.anaconda.org/conda-forge/osx-arm64/zig-0.16.0-hf04d0bf_11.conda
  - conda: https://conda.anaconda.org/conda-forge/osx-arm64/zig_impl_osx-arm64-0.16.0-h2af20f7_11.conda
  - conda: https://conda.anaconda.org/conda-forge/osx-arm64/zig_osx-arm64-0.16.0-h627585c_11.conda
  - conda: https://conda.anaconda.org/conda-forge/osx-arm64/zstd-1.5.7-hf451053_7.conda
  host_packages:
  - conda: https://conda.anaconda.org/conda-forge/osx-arm64/libzlib-1.3.2-h8088a28_3.conda
  - conda: https://conda.anaconda.org/conda-forge/osx-arm64/zlib-1.3.2-h8088a28_3.conda
